
Microsoft Visual Studio Solution File, Format Version 12.00
# Visual Studio 15
VisualStudioVersion = 15.0.28307.2092
MinimumVisualStudioVersion = 10.0.40219.1
Project("{FAE04EC0-301F-11D3-BF4B-00C04F79EFBC}") = "HastaneProjesi_NTP", "HastaneProjesi_NTP\HastaneProjesi_NTP.csproj", "{DBC9726B-EB82-4205-B309-E8505321B077}"
EndProject
Project("{54435603-DBB4-11D2-8724-00A0C9A8B90C}") = "Hastane_Randevu_Otomsayonu", "Hastane_Randevu_Otomsayonu\Hastane_Randevu_Otomsayonu.vdproj", "{7CBF96CA-3E62-4FEE-A92B-78CA298E2082}"
EndProject
Global
	GlobalSection(SolutionConfigurationPlatforms) = preSolution
		Debug|Any CPU = Debug|Any CPU
		Release|Any CPU = Release|Any CPU
	EndGlobalSection
	GlobalSection(ProjectConfigurationPlatforms) = postSolution
		{DBC9726B-EB82-4205-B309-E8505321B077}.Debug|Any CPU.ActiveCfg = Debug|Any CPU
		{DBC9726B-EB82-4205-B309-E8505321B077}.Debug|Any CPU.Build.0 = Debug|Any CPU
		{DBC9726B-EB82-4205-B309-E8505321B077}.Release|Any CPU.ActiveCfg = Release|Any CPU
		{DBC9726B-EB82-4205-B309-E8505321B077}.Release|Any CPU.Build.0 = Release|Any CPU
		{7CBF96CA-3E62-4FEE-A92B-78CA298E2082}.Debug|Any CPU.ActiveCfg = Debug
		{7CBF96CA-3E62-4FEE-A92B-78CA298E2082}.Release|Any CPU.ActiveCfg = Release
	EndGlobalSection
	GlobalSection(SolutionProperties) = preSolution
		HideSolutionNode = FALSE
	EndGlobalSection
	GlobalSection(ExtensibilityGlobals) = postSolution
		SolutionGuid = {7A7F49BC-5BBD-41DA-9A01-6124AB1B4F23}
	EndGlobalSection
EndGlobal
